// !$*UTF8*$!
{
	archiveVersion = 1;
	classes = {
	};
	objectVersion = 46;
	objects = {

/* Begin PBXBuildFile section */
		D7853EAC19AC22D7001E5CB6 /* main.swift in Sources */ = {isa = PBXBuildFile; fileRef = D7853EAB19AC22D7001E5CB6 /* main.swift */; };
		D7853EB319AC2433001E5CB6 /* CarFactory.swift in Sources */ = {isa = PBXBuildFile; fileRef = D7853EB219AC2432001E5CB6 /* CarFactory.swift */; };
		D7DC4A9B19B426A70001476C /* TurboCar.swift in Sources */ = {isa = PBXBuildFile; fileRef = D7DC4A9A19B426A70001476C /* TurboCar.swift */; };
		D7DC4A9D19B429C10001476C /* HybridCar.swift in Sources */ = {isa = PBXBuildFile; fileRef = D7DC4A9C19B429C10001476C /* HybridCar.swift */; };
		D7DC4A9F19B430430001476C /* PickupTruck.swift in Sources */ = {isa = PBXBuildFile; fileRef = D7DC4A9E19B430430001476C /* PickupTruck.swift */; };
/* End PBXBuildFile section */

/* Begin PBXCopyFilesBuildPhase section */
		D7853EA619AC22D7001E5CB6 /* CopyFiles */ = {
			isa = PBXCopyFilesBuildPhase;
			buildActionMask = 2147483647;
			dstPath = /usr/share/man/man1/;
			dstSubfolderSpec = 0;
			files = (
			);
			runOnlyForDeploymentPostprocessing = 1;
		};
/* End PBXCopyFilesBuildPhase section */

/* Begin PBXFileReference section */
		D7853EA819AC22D7001E5CB6 /* DemoCommandLine */ = {isa = PBXFileReference; explicitFileType = "compiled.mach-o.executable"; includeInIndex = 0; path = DemoCommandLine; sourceTree = BUILT_PRODUCTS_DIR; };
		D7853EAB19AC22D7001E5CB6 /* main.swift */ = {isa = PBXFileReference; lastKnownFileType = sourcecode.swift; path = main.swift; sourceTree = "<group>"; };
		D7853EB219AC2432001E5CB6 /* CarFactory.swift */ = {isa = PBXFileReference; fileEncoding = 4; lastKnownFileType = sourcecode.swift; path = CarFactory.swift; sourceTree = "<group>"; };
		D7DC4A9A19B426A70001476C /* TurboCar.swift */ = {isa = PBXFileReference; fileEncoding = 4; lastKnownFileType = sourcecode.swift; path = TurboCar.swift; sourceTree = "<group>"; };
		D7DC4A9C19B429C10001476C /* HybridCar.swift */ = {isa = PBXFileReference; fileEncoding = 4; lastKnownFileType = sourcecode.swift; path = HybridCar.swift; sourceTree = "<group>"; };
		D7DC4A9E19B430430001476C /* PickupTruck.swift */ = {isa = PBXFileReference; fileEncoding = 4; lastKnownFileType = sourcecode.swift; path = PickupTruck.swift; sourceTree = "<group>"; };
/* End PBXFileReference section */

/* Begin PBXFrameworksBuildPhase section */
		D7853EA519AC22D7001E5CB6 /* Frameworks */ = {
			isa = PBXFrameworksBuildPhase;
			buildActionMask = 2147483647;
			files = (
			);
			runOnlyForDeploymentPostprocessing = 0;
		};
/* End PBXFrameworksBuildPhase section */

/* Begin PBXGroup section */
		D7853E9F19AC22D7001E5CB6 = {
			isa = PBXGroup;
			children = (
				D7853EAA19AC22D7001E5CB6 /* DemoCommandLine */,
				D7853EA919AC22D7001E5CB6 /* Products */,
			);
			sourceTree = "<group>";
		};
		D7853EA919AC22D7001E5CB6 /* Products */ = {
			isa = PBXGroup;
			children = (
				D7853EA819AC22D7001E5CB6 /* DemoCommandLine */,
			);
			name = Products;
			sourceTree = "<group>";
		};
		D7853EAA19AC22D7001E5CB6 /* DemoCommandLine */ = {
			isa = PBXGroup;
			children = (
				D7853EAB19AC22D7001E5CB6 /* main.swift */,
				D7DC4A9E19B430430001476C /* PickupTruck.swift */,
				D7DC4A9A19B426A70001476C /* TurboCar.swift */,
				D7853EB219AC2432001E5CB6 /* CarFactory.swift */,
				D7DC4A9C19B429C10001476C /* HybridCar.swift */,
			);
			path = DemoCommandLine;
			sourceTree = "<group>";
		};
/* End PBXGroup section */

/* Begin PBXNativeTarget section */
		D7853EA719AC22D7001E5CB6 /* DemoCommandLine */ = {
			isa = PBXNativeTarget;
			buildConfigurationList = D7853EAF19AC22D7001E5CB6 /* Build configuration list for PBXNativeTarget "DemoCommandLine" */;
			buildPhases = (
				D7853EA419AC22D7001E5CB6 /* Sources */,
				D7853EA519AC22D7001E5CB6 /* Frameworks */,
				D7853EA619AC22D7001E5CB6 /* CopyFiles */,
			);
			buildRules = (
			);
			dependencies = (
			);
			name = DemoCommandLine;
			productName = DemoCommandLine;
			productReference = D7853EA819AC22D7001E5CB6 /* DemoCommandLine */;
			productType = "com.apple.product-type.tool";
		};
/* End PBXNativeTarget section */

/* Begin PBXProject section */
		D7853EA019AC22D7001E5CB6 /* Project object */ = {
			isa = PBXProject;
			attributes = {
				LastUpgradeCheck = 0600;
				ORGANIZATIONNAME = "Eric Sarmiento";
				TargetAttributes = {
					D7853EA719AC22D7001E5CB6 = {
						CreatedOnToolsVersion = 6.0;
					};
				};
			};
			buildConfigurationList = D7853EA319AC22D7001E5CB6 /* Build configuration list for PBXProject "DemoCommandLine" */;
			compatibilityVersion = "Xcode 3.2";
			developmentRegion = English;
			hasScannedForEncodings = 0;
			knownRegions = (
				en,
			);
			mainGroup = D7853E9F19AC22D7001E5CB6;
			productRefGroup = D7853EA919AC22D7001E5CB6 /* Products */;
			projectDirPath = "";
			projectRoot = "";
			targets = (
				D7853EA719AC22D7001E5CB6 /* DemoCommandLine */,
			);
		};
/* End PBXProject section */

/* Begin PBXSourcesBuildPhase section */
		D7853EA419AC22D7001E5CB6 /* Sources */ = {
			isa = PBXSourcesBuildPhase;
			buildActionMask = 2147483647;
			files = (
				D7853EAC19AC22D7001E5CB6 /* main.swift in Sources */,
				D7853EB319AC2433001E5CB6 /* CarFactory.swift in Sources */,
				D7DC4A9F19B430430001476C /* PickupTruck.swift in Sources */,
				D7DC4A9D19B429C10001476C /* HybridCar.swift in Sources */,
				D7DC4A9B19B426A70001476C /* TurboCar.swift in Sources */,
			);
			runOnlyForDeploymentPostprocessing = 0;
		};
/* End PBXSourcesBuildPhase section */

/* Begin XCBuildConfiguration section */
		D7853EAD19AC22D7001E5CB6 /* Debug */ = {
			isa = XCBuildConfiguration;
			buildSettings = {
				ALWAYS_SEARCH_USER_PATHS = NO;
				CLANG_CXX_LANGUAGE_STANDARD = "gnu++0x";
				CLANG_CXX_LIBRARY = "libc++";
				CLANG_ENABLE_MODULES = YES;
				CLANG_ENABLE_OBJC_ARC = YES;
				CLANG_WARN_BOOL_CONVERSION = YES;
				CLANG_WARN_CONSTANT_CONVERSION = YES;
				CLANG_WARN_DIRECT_OBJC_ISA_USAGE = YES_ERROR;
				CLANG_WARN_EMPTY_BODY = YES;
				CLANG_WARN_ENUM_CONVERSION = YES;
				CLANG_WARN_INT_CONVERSION = YES;
				CLANG_WARN_OBJC_ROOT_CLASS = YES_ERROR;
				CLANG_WARN_UNREACHABLE_CODE = YES;
				CLANG_WARN__DUPLICATE_METHOD_MATCH = YES;
				COPY_PHASE_STRIP = NO;
				ENABLE_STRICT_OBJC_MSGSEND = YES;
				GCC_C_LANGUAGE_STANDARD = gnu99;
				GCC_DYNAMIC_NO_PIC = NO;
				GCC_OPTIMIZATION_LEVEL = 0;
				GCC_PREPROCESSOR_DEFINITIONS = (
					"DEBUG=1",
					"$(inherited)",
				);
				GCC_SYMBOLS_PRIVATE_EXTERN = NO;
				GCC_WARN_64_TO_32_BIT_CONVERSION = YES;
				GCC_WARN_ABOUT_RETURN_TYPE = YES_ERROR;
				GCC_WARN_UNDECLARED_SELECTOR = YES;
				GCC_WARN_UNINITIALIZED_AUTOS = YES_AGGRESSIVE;
				GCC_WARN_UNUSED_FUNCTION = YES;
				GCC_WARN_UNUSED_VARIABLE = YES;
				MACOSX_DEPLOYMENT_TARGET = 10.9;
				MTL_ENABLE_DEBUG_INFO = YES;
				ONLY_ACTIVE_ARCH = YES;
				SDKROOT = macosx;
				SWIFT_OPTIMIZATION_LEVEL = "-Onone";
			};
			name = Debug;
		};
		D7853EAE19AC22D7001E5CB6 /* Release */ = {
			isa = XCBuildConfiguration;
			buildSettings = {
				ALWAYS_SEARCH_USER_PATHS = NO;
				CLANG_CXX_LANGUAGE_STANDARD = "gnu++0x";
				CLANG_CXX_LIBRARY = "libc++";
				CLANG_ENABLE_MODULES = YES;
				CLANG_ENABLE_OBJC_ARC = YES;
				CLANG_WARN_BOOL_CONVERSION = YES;
				CLANG_WARN_CONSTANT_CONVERSION = YES;
				CLANG_WARN_DIRECT_OBJC_ISA_USAGE = YES_ERROR;
				CLANG_WARN_EMPTY_BODY = YES;
				CLANG_WARN_ENUM_CONVERSION = YES;
				CLANG_WARN_INT_CONVERSION = YES;
				CLANG_WARN_OBJC_ROOT_CLASS = YES_ERROR;
				CLANG_WARN_UNREACHABLE_CODE = YES;
				CLANG_WARN__DUPLICATE_METHOD_MATCH = YES;
				COPY_PHASE_STRIP = YES;
				DEBUG_INFORMATION_FORMAT = "dwarf-with-dsym";
				ENABLE_NS_ASSERTIONS = NO;
				ENABLE_STRICT_OBJC_MSGSEND = YES;
				GCC_C_LANGUAGE_STANDARD = gnu99;
				GCC_WARN_64_TO_32_BIT_CONVERSION = YES;
				GCC_WARN_ABOUT_RETURN_TYPE = YES_ERROR;
				GCC_WARN_UNDECLARED_SELECTOR = YES;
				GCC_WARN_UNINITIALIZED_AUTOS = YES_AGGRESSIVE;
				GCC_WARN_UNUSED_FUNCTION = YES;
				GCC_WARN_UNUSED_VARIABLE = YES;
				MACOSX_DEPLOYMENT_TARGET = 10.9;
				MTL_ENABLE_DEBUG_INFO = NO;
				SDKROOT = macosx;
			};
			name = Release;
		};
		D7853EB019AC22D7001E5CB6 /* Debug */ = {
			isa = XCBuildConfiguration;
			buildSettings = {
				PRODUCT_NAME = "$(TARGET_NAME)";
			};
			name = Debug;
		};
		D7853EB119AC22D7001E5CB6 /* Release */ = {
			isa = XCBuildConfiguration;
			buildSettings = {
				PRODUCT_NAME = "$(TARGET_NAME)";
			};
			name = Release;
		};
/* End XCBuildConfiguration section */

/* Begin XCConfigurationList section */
		D7853EA319AC22D7001E5CB6 /* Build configuration list for PBXProject "DemoCommandLine" */ = {
			isa = XCConfigurationList;
			buildConfigurations = (
				D7853EAD19AC22D7001E5CB6 /* Debug */,
				D7853EAE19AC22D7001E5CB6 /* Release */,
			);
			defaultConfigurationIsVisible = 0;
			defaultConfigurationName = Release;
		};
		D7853EAF19AC22D7001E5CB6 /* Build configuration list for PBXNativeTarget "DemoCommandLine" */ = {
			isa = XCConfigurationList;
			buildConfigurations = (
				D7853EB019AC22D7001E5CB6 /* Debug */,
				D7853EB119AC22D7001E5CB6 /* Release */,
			);
			defaultConfigurationIsVisible = 0;
			defaultConfigurationName = Release;
		};
/* End XCConfigurationList section */
	};
	rootObject = D7853EA019AC22D7001E5CB6 /* Project object */;
}
